
Microsoft Visual Studio Solution File, Format Version 12.00
# Visual Studio Version 17
VisualStudioVersion = 17.14.36221.1 d17.14
MinimumVisualStudioVersion = 10.0.40219.1
Project("{FAE04EC0-301F-11D3-BF4B-00C04F79EFBC}") = "26 Access Modifiers B", "26 Access Modifiers B\26 Access Modifiers B.csproj", "{707FCB96-FA59-491F-8854-834FA68EEB30}"
EndProject
Project("{FAE04EC0-301F-11D3-BF4B-00C04F79EFBC}") = "AssemblyOne", "AssemblyOne\AssemblyOne.csproj", "{E765CEFE-138E-4A03-B3C0-C7E1B85F5601}"
EndProject
Project("{FAE04EC0-301F-11D3-BF4B-00C04F79EFBC}") = "AssemblyTwo", "AssemblyTwo\AssemblyTwo.csproj", "{C4F25446-C2FE-491A-92B7-E638D2053D11}"
EndProject
Global
	GlobalSection(SolutionConfigurationPlatforms) = preSolution
		Debug|Any CPU = Debug|Any CPU
		Release|Any CPU = Release|Any CPU
	EndGlobalSection
	GlobalSection(ProjectConfigurationPlatforms) = postSolution
		{707FCB96-FA59-491F-8854-834FA68EEB30}.Debug|Any CPU.ActiveCfg = Debug|Any CPU
		{707FCB96-FA59-491F-8854-834FA68EEB30}.Debug|Any CPU.Build.0 = Debug|Any CPU
		{707FCB96-FA59-491F-8854-834FA68EEB30}.Release|Any CPU.ActiveCfg = Release|Any CPU
		{707FCB96-FA59-491F-8854-834FA68EEB30}.Release|Any CPU.Build.0 = Release|Any CPU
		{E765CEFE-138E-4A03-B3C0-C7E1B85F5601}.Debug|Any CPU.ActiveCfg = Debug|Any CPU
		{E765CEFE-138E-4A03-B3C0-C7E1B85F5601}.Debug|Any CPU.Build.0 = Debug|Any CPU
		{E765CEFE-138E-4A03-B3C0-C7E1B85F5601}.Release|Any CPU.ActiveCfg = Release|Any CPU
		{E765CEFE-138E-4A03-B3C0-C7E1B85F5601}.Release|Any CPU.Build.0 = Release|Any CPU
		{C4F25446-C2FE-491A-92B7-E638D2053D11}.Debug|Any CPU.ActiveCfg = Debug|Any CPU
		{C4F25446-C2FE-491A-92B7-E638D2053D11}.Debug|Any CPU.Build.0 = Debug|Any CPU
		{C4F25446-C2FE-491A-92B7-E638D2053D11}.Release|Any CPU.ActiveCfg = Release|Any CPU
		{C4F25446-C2FE-491A-92B7-E638D2053D11}.Release|Any CPU.Build.0 = Release|Any CPU
	EndGlobalSection
	GlobalSection(SolutionProperties) = preSolution
		HideSolutionNode = FALSE
	EndGlobalSection
	GlobalSection(ExtensibilityGlobals) = postSolution
		SolutionGuid = {5058E8B0-8BFA-4B70-8BF0-1AEDC4322519}
	EndGlobalSection
EndGlobal
