
Microsoft Visual Studio Solution File, Format Version 12.00
# Visual Studio Version 17
VisualStudioVersion = 17.14.36301.6 d17.14
MinimumVisualStudioVersion = 10.0.40219.1
Project("{FAE04EC0-301F-11D3-BF4B-00C04F79EFBC}") = "39 Making Parameter Optional", "39 Making Parameter Optional\39 Making Parameter Optional.csproj", "{BA40EB62-E5FB-4D1F-82D1-A04336151B0D}"
EndProject
Global
	GlobalSection(SolutionConfigurationPlatforms) = preSolution
		Debug|Any CPU = Debug|Any CPU
		Release|Any CPU = Release|Any CPU
	EndGlobalSection
	GlobalSection(ProjectConfigurationPlatforms) = postSolution
		{BA40EB62-E5FB-4D1F-82D1-A04336151B0D}.Debug|Any CPU.ActiveCfg = Debug|Any CPU
		{BA40EB62-E5FB-4D1F-82D1-A04336151B0D}.Debug|Any CPU.Build.0 = Debug|Any CPU
		{BA40EB62-E5FB-4D1F-82D1-A04336151B0D}.Release|Any CPU.ActiveCfg = Release|Any CPU
		{BA40EB62-E5FB-4D1F-82D1-A04336151B0D}.Release|Any CPU.Build.0 = Release|Any CPU
	EndGlobalSection
	GlobalSection(SolutionProperties) = preSolution
		HideSolutionNode = FALSE
	EndGlobalSection
	GlobalSection(ExtensibilityGlobals) = postSolution
		SolutionGuid = {17EB579A-00A9-4678-A76D-341BC5FB1D9E}
	EndGlobalSection
EndGlobal
