
Microsoft Visual Studio Solution File, Format Version 12.00
# Visual Studio Version 17
VisualStudioVersion = 17.14.36301.6 d17.14
MinimumVisualStudioVersion = 10.0.40219.1
Project("{FAE04EC0-301F-11D3-BF4B-00C04F79EFBC}") = "32 Generics", "32 Generics\32 Generics.csproj", "{ACF0600B-FA58-40A7-8B8C-3095967126D5}"
EndProject
Global
	GlobalSection(SolutionConfigurationPlatforms) = preSolution
		Debug|Any CPU = Debug|Any CPU
		Release|Any CPU = Release|Any CPU
	EndGlobalSection
	GlobalSection(ProjectConfigurationPlatforms) = postSolution
		{ACF0600B-FA58-40A7-8B8C-3095967126D5}.Debug|Any CPU.ActiveCfg = Debug|Any CPU
		{ACF0600B-FA58-40A7-8B8C-3095967126D5}.Debug|Any CPU.Build.0 = Debug|Any CPU
		{ACF0600B-FA58-40A7-8B8C-3095967126D5}.Release|Any CPU.ActiveCfg = Release|Any CPU
		{ACF0600B-FA58-40A7-8B8C-3095967126D5}.Release|Any CPU.Build.0 = Release|Any CPU
	EndGlobalSection
	GlobalSection(SolutionProperties) = preSolution
		HideSolutionNode = FALSE
	EndGlobalSection
	GlobalSection(ExtensibilityGlobals) = postSolution
		SolutionGuid = {FAA9BE5B-A4D9-4E20-A0F7-ECAB874AF21E}
	EndGlobalSection
EndGlobal
