
Microsoft Visual Studio Solution File, Format Version 12.00
# Visual Studio Version 17
VisualStudioVersion = 17.14.36127.28 d17.14
MinimumVisualStudioVersion = 10.0.40219.1
Project("{FAE04EC0-301F-11D3-BF4B-00C04F79EFBC}") = "17 Multicast Delegate", "17 Multicast Delegate\17 Multicast Delegate.csproj", "{E809E394-6515-4E6A-B0E6-3729E73C8F0B}"
EndProject
Global
	GlobalSection(SolutionConfigurationPlatforms) = preSolution
		Debug|Any CPU = Debug|Any CPU
		Release|Any CPU = Release|Any CPU
	EndGlobalSection
	GlobalSection(ProjectConfigurationPlatforms) = postSolution
		{E809E394-6515-4E6A-B0E6-3729E73C8F0B}.Debug|Any CPU.ActiveCfg = Debug|Any CPU
		{E809E394-6515-4E6A-B0E6-3729E73C8F0B}.Debug|Any CPU.Build.0 = Debug|Any CPU
		{E809E394-6515-4E6A-B0E6-3729E73C8F0B}.Release|Any CPU.ActiveCfg = Release|Any CPU
		{E809E394-6515-4E6A-B0E6-3729E73C8F0B}.Release|Any CPU.Build.0 = Release|Any CPU
	EndGlobalSection
	GlobalSection(SolutionProperties) = preSolution
		HideSolutionNode = FALSE
	EndGlobalSection
	GlobalSection(ExtensibilityGlobals) = postSolution
		SolutionGuid = {26041FE1-9E80-44A5-A874-51B507031B17}
	EndGlobalSection
EndGlobal
