
Microsoft Visual Studio Solution File, Format Version 12.00
# Visual Studio Version 17
VisualStudioVersion = 17.14.36301.6 d17.14
MinimumVisualStudioVersion = 10.0.40219.1
Project("{FAE04EC0-301F-11D3-BF4B-00C04F79EFBC}") = "30 Early Binding", "30 Early Binding\30 Early Binding.csproj", "{B36D4B0A-8C07-418D-A64F-0900F1A498CE}"
EndProject
Global
	GlobalSection(SolutionConfigurationPlatforms) = preSolution
		Debug|Any CPU = Debug|Any CPU
		Release|Any CPU = Release|Any CPU
	EndGlobalSection
	GlobalSection(ProjectConfigurationPlatforms) = postSolution
		{B36D4B0A-8C07-418D-A64F-0900F1A498CE}.Debug|Any CPU.ActiveCfg = Debug|Any CPU
		{B36D4B0A-8C07-418D-A64F-0900F1A498CE}.Debug|Any CPU.Build.0 = Debug|Any CPU
		{B36D4B0A-8C07-418D-A64F-0900F1A498CE}.Release|Any CPU.ActiveCfg = Release|Any CPU
		{B36D4B0A-8C07-418D-A64F-0900F1A498CE}.Release|Any CPU.Build.0 = Release|Any CPU
	EndGlobalSection
	GlobalSection(SolutionProperties) = preSolution
		HideSolutionNode = FALSE
	EndGlobalSection
	GlobalSection(ExtensibilityGlobals) = postSolution
		SolutionGuid = {C62733EB-890E-4E50-BC11-BC8EB225AA2D}
	EndGlobalSection
EndGlobal
