
Microsoft Visual Studio Solution File, Format Version 12.00
# Visual Studio Version 17
VisualStudioVersion = 17.14.36301.6 d17.14
MinimumVisualStudioVersion = 10.0.40219.1
Project("{FAE04EC0-301F-11D3-BF4B-00C04F79EFBC}") = "36 Partial Method", "36 Partial Method\36 Partial Method.csproj", "{7D7BB3B2-504B-4EDF-AF7D-2742A36062D2}"
EndProject
Global
	GlobalSection(SolutionConfigurationPlatforms) = preSolution
		Debug|Any CPU = Debug|Any CPU
		Release|Any CPU = Release|Any CPU
	EndGlobalSection
	GlobalSection(ProjectConfigurationPlatforms) = postSolution
		{7D7BB3B2-504B-4EDF-AF7D-2742A36062D2}.Debug|Any CPU.ActiveCfg = Debug|Any CPU
		{7D7BB3B2-504B-4EDF-AF7D-2742A36062D2}.Debug|Any CPU.Build.0 = Debug|Any CPU
		{7D7BB3B2-504B-4EDF-AF7D-2742A36062D2}.Release|Any CPU.ActiveCfg = Release|Any CPU
		{7D7BB3B2-504B-4EDF-AF7D-2742A36062D2}.Release|Any CPU.Build.0 = Release|Any CPU
	EndGlobalSection
	GlobalSection(SolutionProperties) = preSolution
		HideSolutionNode = FALSE
	EndGlobalSection
	GlobalSection(ExtensibilityGlobals) = postSolution
		SolutionGuid = {FA075727-D699-4E7E-8FA3-B48CAE0904E4}
	EndGlobalSection
EndGlobal
