
Microsoft Visual Studio Solution File, Format Version 12.00
# Visual Studio Version 17
VisualStudioVersion = 17.14.36221.1 d17.14
MinimumVisualStudioVersion = 10.0.40219.1
Project("{FAE04EC0-301F-11D3-BF4B-00C04F79EFBC}") = "24 Enum ( Underlying Types )", "24 Enum ( Underlying Types )\24 Enum ( Underlying Types ).csproj", "{7664C012-5ABD-4634-A3F4-0C1E15578938}"
EndProject
Global
	GlobalSection(SolutionConfigurationPlatforms) = preSolution
		Debug|Any CPU = Debug|Any CPU
		Release|Any CPU = Release|Any CPU
	EndGlobalSection
	GlobalSection(ProjectConfigurationPlatforms) = postSolution
		{7664C012-5ABD-4634-A3F4-0C1E15578938}.Debug|Any CPU.ActiveCfg = Debug|Any CPU
		{7664C012-5ABD-4634-A3F4-0C1E15578938}.Debug|Any CPU.Build.0 = Debug|Any CPU
		{7664C012-5ABD-4634-A3F4-0C1E15578938}.Release|Any CPU.ActiveCfg = Release|Any CPU
		{7664C012-5ABD-4634-A3F4-0C1E15578938}.Release|Any CPU.Build.0 = Release|Any CPU
	EndGlobalSection
	GlobalSection(SolutionProperties) = preSolution
		HideSolutionNode = FALSE
	EndGlobalSection
	GlobalSection(ExtensibilityGlobals) = postSolution
		SolutionGuid = {3070C090-AFC4-4ACD-8863-D95A3F5A9133}
	EndGlobalSection
EndGlobal
